
Microsoft Visual Studio Solution File, Format Version 12.00
# Visual Studio Version 17
VisualStudioVersion = 17.3.32922.545
MinimumVisualStudioVersion = 10.0.40219.1
Project("{FAE04EC0-301F-11D3-BF4B-00C04F79EFBC}") = "DiffBackupRestore", "DiffBackupRestore\DiffBackupRestore.csproj", "{0ADB34B7-8B30-4D40-BE68-D12D70D115A1}"
EndProject
Global
	GlobalSection(SolutionConfigurationPlatforms) = preSolution
		Debug|Any CPU = Debug|Any CPU
		Release|Any CPU = Release|Any CPU
	EndGlobalSection
	GlobalSection(ProjectConfigurationPlatforms) = postSolution
		{0ADB34B7-8B30-4D40-BE68-D12D70D115A1}.Debug|Any CPU.ActiveCfg = Debug|Any CPU
		{0ADB34B7-8B30-4D40-BE68-D12D70D115A1}.Debug|Any CPU.Build.0 = Debug|Any CPU
		{0ADB34B7-8B30-4D40-BE68-D12D70D115A1}.Release|Any CPU.ActiveCfg = Release|Any CPU
		{0ADB34B7-8B30-4D40-BE68-D12D70D115A1}.Release|Any CPU.Build.0 = Release|Any CPU
	EndGlobalSection
	GlobalSection(SolutionProperties) = preSolution
		HideSolutionNode = FALSE
	EndGlobalSection
	GlobalSection(ExtensibilityGlobals) = postSolution
		SolutionGuid = {CC35E582-5CC9-4564-B52B-CF77F195AAE8}
	EndGlobalSection
EndGlobal
